// !$*UTF8*$!
{
	archiveVersion = 1;
	classes = {
	};
	objectVersion = 56;
	objects = {

/* Begin PBXBuildFile section */
		FBC7CAA12B76E05D0028CA8B /* AppDelegate.swift in Sources */ = {isa = PBXBuildFile; fileRef = FBC7CAA02B76E05D0028CA8B /* AppDelegate.swift */; };
		FBC7CAA32B76E05D0028CA8B /* SceneDelegate.swift in Sources */ = {isa = PBXBuildFile; fileRef = FBC7CAA22B76E05D0028CA8B /* SceneDelegate.swift */; };
		FBC7CAA52B76E05D0028CA8B /* ViewController.swift in Sources */ = {isa = PBXBuildFile; fileRef = FBC7CAA42B76E05D0028CA8B /* ViewController.swift */; };
		FBC7CAA82B76E05D0028CA8B /* Main.storyboard in Resources */ = {isa = PBXBuildFile; fileRef = FBC7CAA62B76E05D0028CA8B /* Main.storyboard */; };
		FBC7CAAB2B76E05D0028CA8B /* Actividad_3.xcdatamodeld in Sources */ = {isa = PBXBuildFile; fileRef = FBC7CAA92B76E05D0028CA8B /* Actividad_3.xcdatamodeld */; };
		FBC7CAAD2B76E05F0028CA8B /* Assets.xcassets in Resources */ = {isa = PBXBuildFile; fileRef = FBC7CAAC2B76E05F0028CA8B /* Assets.xcassets */; };
		FBC7CAB02B76E05F0028CA8B /* LaunchScreen.storyboard in Resources */ = {isa = PBXBuildFile; fileRef = FBC7CAAE2B76E05F0028CA8B /* LaunchScreen.storyboard */; };
		FBC7CAB82B76E1690028CA8B /* Universidad_Tecmilenio.png in Resources */ = {isa = PBXBuildFile; fileRef = FBC7CAB72B76E1690028CA8B /* Universidad_Tecmilenio.png */; };
/* End PBXBuildFile section */

/* Begin PBXFileReference section */
		FBC7CA9D2B76E05D0028CA8B /* Actividad 3.app */ = {isa = PBXFileReference; explicitFileType = wrapper.application; includeInIndex = 0; path = "Actividad 3.app"; sourceTree = BUILT_PRODUCTS_DIR; };
		FBC7CAA02B76E05D0028CA8B /* AppDelegate.swift */ = {isa = PBXFileReference; lastKnownFileType = sourcecode.swift; path = AppDelegate.swift; sourceTree = "<group>"; };
		FBC7CAA22B76E05D0028CA8B /* SceneDelegate.swift */ = {isa = PBXFileReference; lastKnownFileType = sourcecode.swift; path = SceneDelegate.swift; sourceTree = "<group>"; };
		FBC7CAA42B76E05D0028CA8B /* ViewController.swift */ = {isa = PBXFileReference; lastKnownFileType = sourcecode.swift; path = ViewController.swift; sourceTree = "<group>"; };
		FBC7CAA72B76E05D0028CA8B /* Base */ = {isa = PBXFileReference; lastKnownFileType = file.storyboard; name = Base; path = Base.lproj/Main.storyboard; sourceTree = "<group>"; };
		FBC7CAAA2B76E05D0028CA8B /* Actividad_3.xcdatamodel */ = {isa = PBXFileReference; lastKnownFileType = wrapper.xcdatamodel; path = Actividad_3.xcdatamodel; sourceTree = "<group>"; };
		FBC7CAAC2B76E05F0028CA8B /* Assets.xcassets */ = {isa = PBXFileReference; lastKnownFileType = folder.assetcatalog; path = Assets.xcassets; sourceTree = "<group>"; };
		FBC7CAAF2B76E05F0028CA8B /* Base */ = {isa = PBXFileReference; lastKnownFileType = file.storyboard; name = Base; path = Base.lproj/LaunchScreen.storyboard; sourceTree = "<group>"; };
		FBC7CAB12B76E05F0028CA8B /* Info.plist */ = {isa = PBXFileReference; lastKnownFileType = text.plist.xml; path = Info.plist; sourceTree = "<group>"; };
		FBC7CAB72B76E1690028CA8B /* Universidad_Tecmilenio.png */ = {isa = PBXFileReference; lastKnownFileType = image.png; path = Universidad_Tecmilenio.png; sourceTree = "<group>"; };
/* End PBXFileReference section */

/* Begin PBXFrameworksBuildPhase section */
		FBC7CA9A2B76E05D0028CA8B /* Frameworks */ = {
			isa = PBXFrameworksBuildPhase;
			buildActionMask = 2147483647;
			files = (
			);
			runOnlyForDeploymentPostprocessing = 0;
		};
/* End PBXFrameworksBuildPhase section */

/* Begin PBXGroup section */
		FBC7CA942B76E05D0028CA8B = {
			isa = PBXGroup;
			children = (
				FBC7CA9F2B76E05D0028CA8B /* Actividad 3 */,
				FBC7CA9E2B76E05D0028CA8B /* Products */,
			);
			sourceTree = "<group>";
		};
		FBC7CA9E2B76E05D0028CA8B /* Products */ = {
			isa = PBXGroup;
			children = (
				FBC7CA9D2B76E05D0028CA8B /* Actividad 3.app */,
			);
			name = Products;
			sourceTree = "<group>";
		};
		FBC7CA9F2B76E05D0028CA8B /* Actividad 3 */ = {
			isa = PBXGroup;
			children = (
				FBC7CAA02B76E05D0028CA8B /* AppDelegate.swift */,
				FBC7CAA22B76E05D0028CA8B /* SceneDelegate.swift */,
				FBC7CAA42B76E05D0028CA8B /* ViewController.swift */,
				FBC7CAA62B76E05D0028CA8B /* Main.storyboard */,
				FBC7CAAC2B76E05F0028CA8B /* Assets.xcassets */,
				FBC7CAAE2B76E05F0028CA8B /* LaunchScreen.storyboard */,
				FBC7CAB12B76E05F0028CA8B /* Info.plist */,
				FBC7CAA92B76E05D0028CA8B /* Actividad_3.xcdatamodeld */,
				FBC7CAB72B76E1690028CA8B /* Universidad_Tecmilenio.png */,
			);
			path = "Actividad 3";
			sourceTree = "<group>";
		};
/* End PBXGroup section */

/* Begin PBXNativeTarget section */
		FBC7CA9C2B76E05D0028CA8B /* Actividad 3 */ = {
			isa = PBXNativeTarget;
			buildConfigurationList = FBC7CAB42B76E05F0028CA8B /* Build configuration list for PBXNativeTarget "Actividad 3" */;
			buildPhases = (
				FBC7CA992B76E05D0028CA8B /* Sources */,
				FBC7CA9A2B76E05D0028CA8B /* Frameworks */,
				FBC7CA9B2B76E05D0028CA8B /* Resources */,
			);
			buildRules = (
			);
			dependencies = (
			);
			name = "Actividad 3";
			productName = "Actividad 3";
			productReference = FBC7CA9D2B76E05D0028CA8B /* Actividad 3.app */;
			productType = "com.apple.product-type.application";
		};
/* End PBXNativeTarget section */

/* Begin PBXProject section */
		FBC7CA952B76E05D0028CA8B /* Project object */ = {
			isa = PBXProject;
			attributes = {
				BuildIndependentTargetsInParallel = 1;
				LastSwiftUpdateCheck = 1430;
				LastUpgradeCheck = 1430;
				TargetAttributes = {
					FBC7CA9C2B76E05D0028CA8B = {
						CreatedOnToolsVersion = 14.3.1;
					};
				};
			};
			buildConfigurationList = FBC7CA982B76E05D0028CA8B /* Build configuration list for PBXProject "Actividad 3" */;
			compatibilityVersion = "Xcode 14.0";
			developmentRegion = en;
			hasScannedForEncodings = 0;
			knownRegions = (
				en,
				Base,
			);
			mainGroup = FBC7CA942B76E05D0028CA8B;
			productRefGroup = FBC7CA9E2B76E05D0028CA8B /* Products */;
			projectDirPath = "";
			projectRoot = "";
			targets = (
				FBC7CA9C2B76E05D0028CA8B /* Actividad 3 */,
			);
		};
/* End PBXProject section */

/* Begin PBXResourcesBuildPhase section */
		FBC7CA9B2B76E05D0028CA8B /* Resources */ = {
			isa = PBXResourcesBuildPhase;
			buildActionMask = 2147483647;
			files = (
				FBC7CAB02B76E05F0028CA8B /* LaunchScreen.storyboard in Resources */,
				FBC7CAAD2B76E05F0028CA8B /* Assets.xcassets in Resources */,
				FBC7CAA82B76E05D0028CA8B /* Main.storyboard in Resources */,
				FBC7CAB82B76E1690028CA8B /* Universidad_Tecmilenio.png in Resources */,
			);
			runOnlyForDeploymentPostprocessing = 0;
		};
/* End PBXResourcesBuildPhase section */

/* Begin PBXSourcesBuildPhase section */
		FBC7CA992B76E05D0028CA8B /* Sources */ = {
			isa = PBXSourcesBuildPhase;
			buildActionMask = 2147483647;
			files = (
				FBC7CAA52B76E05D0028CA8B /* ViewController.swift in Sources */,
				FBC7CAA12B76E05D0028CA8B /* AppDelegate.swift in Sources */,
				FBC7CAA32B76E05D0028CA8B /* SceneDelegate.swift in Sources */,
				FBC7CAAB2B76E05D0028CA8B /* Actividad_3.xcdatamodeld in Sources */,
			);
			runOnlyForDeploymentPostprocessing = 0;
		};
/* End PBXSourcesBuildPhase section */

/* Begin PBXVariantGroup section */
		FBC7CAA62B76E05D0028CA8B /* Main.storyboard */ = {
			isa = PBXVariantGroup;
			children = (
				FBC7CAA72B76E05D0028CA8B /* Base */,
			);
			name = Main.storyboard;
			sourceTree = "<group>";
		};
		FBC7CAAE2B76E05F0028CA8B /* LaunchScreen.storyboard */ = {
			isa = PBXVariantGroup;
			children = (
				FBC7CAAF2B76E05F0028CA8B /* Base */,
			);
			name = LaunchScreen.storyboard;
			sourceTree = "<group>";
		};
/* End PBXVariantGroup section */

/* Begin XCBuildConfiguration section */
		FBC7CAB22B76E05F0028CA8B /* Debug */ = {
			isa = XCBuildConfiguration;
			buildSettings = {
				ALWAYS_SEARCH_USER_PATHS = NO;
				CLANG_ANALYZER_NONNULL = YES;
				CLANG_ANALYZER_NUMBER_OBJECT_CONVERSION = YES_AGGRESSIVE;
				CLANG_CXX_LANGUAGE_STANDARD = "gnu++20";
				CLANG_ENABLE_MODULES = YES;
				CLANG_ENABLE_OBJC_ARC = YES;
				CLANG_ENABLE_OBJC_WEAK = YES;
				CLANG_WARN_BLOCK_CAPTURE_AUTORELEASING = YES;
				CLANG_WARN_BOOL_CONVERSION = YES;
				CLANG_WARN_COMMA = YES;
				CLANG_WARN_CONSTANT_CONVERSION = YES;
				CLANG_WARN_DEPRECATED_OBJC_IMPLEMENTATIONS = YES;
				CLANG_WARN_DIRECT_OBJC_ISA_USAGE = YES_ERROR;
				CLANG_WARN_DOCUMENTATION_COMMENTS = YES;
				CLANG_WARN_EMPTY_BODY = YES;
				CLANG_WARN_ENUM_CONVERSION = YES;
				CLANG_WARN_INFINITE_RECURSION = YES;
				CLANG_WARN_INT_CONVERSION = YES;
				CLANG_WARN_NON_LITERAL_NULL_CONVERSION = YES;
				CLANG_WARN_OBJC_IMPLICIT_RETAIN_SELF = YES;
				CLANG_WARN_OBJC_LITERAL_CONVERSION = YES;
				CLANG_WARN_OBJC_ROOT_CLASS = YES_ERROR;
				CLANG_WARN_QUOTED_INCLUDE_IN_FRAMEWORK_HEADER = YES;
				CLANG_WARN_RANGE_LOOP_ANALYSIS = YES;
				CLANG_WARN_STRICT_PROTOTYPES = YES;
				CLANG_WARN_SUSPICIOUS_MOVE = YES;
				CLANG_WARN_UNGUARDED_AVAILABILITY = YES_AGGRESSIVE;
				CLANG_WARN_UNREACHABLE_CODE = YES;
				CLANG_WARN__DUPLICATE_METHOD_MATCH = YES;
				COPY_PHASE_STRIP = NO;
				DEBUG_INFORMATION_FORMAT = dwarf;
				ENABLE_STRICT_OBJC_MSGSEND = YES;
				ENABLE_TESTABILITY = YES;
				GCC_C_LANGUAGE_STANDARD = gnu11;
				GCC_DYNAMIC_NO_PIC = NO;
				GCC_NO_COMMON_BLOCKS = YES;
				GCC_OPTIMIZATION_LEVEL = 0;
				GCC_PREPROCESSOR_DEFINITIONS = (
					"DEBUG=1",
					"$(inherited)",
				);
				GCC_WARN_64_TO_32_BIT_CONVERSION = YES;
				GCC_WARN_ABOUT_RETURN_TYPE = YES_ERROR;
				GCC_WARN_UNDECLARED_SELECTOR = YES;
				GCC_WARN_UNINITIALIZED_AUTOS = YES_AGGRESSIVE;
				GCC_WARN_UNUSED_FUNCTION = YES;
				GCC_WARN_UNUSED_VARIABLE = YES;
				IPHONEOS_DEPLOYMENT_TARGET = 16.4;
				MTL_ENABLE_DEBUG_INFO = INCLUDE_SOURCE;
				MTL_FAST_MATH = YES;
				ONLY_ACTIVE_ARCH = YES;
				SDKROOT = iphoneos;
				SWIFT_ACTIVE_COMPILATION_CONDITIONS = DEBUG;
				SWIFT_OPTIMIZATION_LEVEL = "-Onone";
			};
			name = Debug;
		};
		FBC7CAB32B76E05F0028CA8B /* Release */ = {
			isa = XCBuildConfiguration;
			buildSettings = {
				ALWAYS_SEARCH_USER_PATHS = NO;
				CLANG_ANALYZER_NONNULL = YES;
				CLANG_ANALYZER_NUMBER_OBJECT_CONVERSION = YES_AGGRESSIVE;
				CLANG_CXX_LANGUAGE_STANDARD = "gnu++20";
				CLANG_ENABLE_MODULES = YES;
				CLANG_ENABLE_OBJC_ARC = YES;
				CLANG_ENABLE_OBJC_WEAK = YES;
				CLANG_WARN_BLOCK_CAPTURE_AUTORELEASING = YES;
				CLANG_WARN_BOOL_CONVERSION = YES;
				CLANG_WARN_COMMA = YES;
				CLANG_WARN_CONSTANT_CONVERSION = YES;
				CLANG_WARN_DEPRECATED_OBJC_IMPLEMENTATIONS = YES;
				CLANG_WARN_DIRECT_OBJC_ISA_USAGE = YES_ERROR;
				CLANG_WARN_DOCUMENTATION_COMMENTS = YES;
				CLANG_WARN_EMPTY_BODY = YES;
				CLANG_WARN_ENUM_CONVERSION = YES;
				CLANG_WARN_INFINITE_RECURSION = YES;
				CLANG_WARN_INT_CONVERSION = YES;
				CLANG_WARN_NON_LITERAL_NULL_CONVERSION = YES;
				CLANG_WARN_OBJC_IMPLICIT_RETAIN_SELF = YES;
				CLANG_WARN_OBJC_LITERAL_CONVERSION = YES;
				CLANG_WARN_OBJC_ROOT_CLASS = YES_ERROR;
				CLANG_WARN_QUOTED_INCLUDE_IN_FRAMEWORK_HEADER = YES;
				CLANG_WARN_RANGE_LOOP_ANALYSIS = YES;
				CLANG_WARN_STRICT_PROTOTYPES = YES;
				CLANG_WARN_SUSPICIOUS_MOVE = YES;
				CLANG_WARN_UNGUARDED_AVAILABILITY = YES_AGGRESSIVE;
				CLANG_WARN_UNREACHABLE_CODE = YES;
				CLANG_WARN__DUPLICATE_METHOD_MATCH = YES;
				COPY_PHASE_STRIP = NO;
				DEBUG_INFORMATION_FORMAT = "dwarf-with-dsym";
				ENABLE_NS_ASSERTIONS = NO;
				ENABLE_STRICT_OBJC_MSGSEND = YES;
				GCC_C_LANGUAGE_STANDARD = gnu11;
				GCC_NO_COMMON_BLOCKS = YES;
				GCC_WARN_64_TO_32_BIT_CONVERSION = YES;
				GCC_WARN_ABOUT_RETURN_TYPE = YES_ERROR;
				GCC_WARN_UNDECLARED_SELECTOR = YES;
				GCC_WARN_UNINITIALIZED_AUTOS = YES_AGGRESSIVE;
				GCC_WARN_UNUSED_FUNCTION = YES;
				GCC_WARN_UNUSED_VARIABLE = YES;
				IPHONEOS_DEPLOYMENT_TARGET = 16.4;
				MTL_ENABLE_DEBUG_INFO = NO;
				MTL_FAST_MATH = YES;
				SDKROOT = iphoneos;
				SWIFT_COMPILATION_MODE = wholemodule;
				SWIFT_OPTIMIZATION_LEVEL = "-O";
				VALIDATE_PRODUCT = YES;
			};
			name = Release;
		};
		FBC7CAB52B76E05F0028CA8B /* Debug */ = {
			isa = XCBuildConfiguration;
			buildSettings = {
				ASSETCATALOG_COMPILER_APPICON_NAME = AppIcon;
				ASSETCATALOG_COMPILER_GLOBAL_ACCENT_COLOR_NAME = AccentColor;
				CODE_SIGN_STYLE = Automatic;
				CURRENT_PROJECT_VERSION = 1;
				GENERATE_INFOPLIST_FILE = YES;
				INFOPLIST_FILE = "Actividad 3/Info.plist";
				INFOPLIST_KEY_UIApplicationSupportsIndirectInputEvents = YES;
				INFOPLIST_KEY_UILaunchStoryboardName = LaunchScreen;
				INFOPLIST_KEY_UIMainStoryboardFile = Main;
				INFOPLIST_KEY_UISupportedInterfaceOrientations_iPad = "UIInterfaceOrientationPortrait UIInterfaceOrientationPortraitUpsideDown UIInterfaceOrientationLandscapeLeft UIInterfaceOrientationLandscapeRight";
				INFOPLIST_KEY_UISupportedInterfaceOrientations_iPhone = "UIInterfaceOrientationPortrait UIInterfaceOrientationLandscapeLeft UIInterfaceOrientationLandscapeRight";
				LD_RUNPATH_SEARCH_PATHS = (
					"$(inherited)",
					"@executable_path/Frameworks",
				);
				MARKETING_VERSION = 1.0;
				PRODUCT_BUNDLE_IDENTIFIER = "Tecmilenio.Actividad-3";
				PRODUCT_NAME = "$(TARGET_NAME)";
				SWIFT_EMIT_LOC_STRINGS = YES;
				SWIFT_VERSION = 5.0;
				TARGETED_DEVICE_FAMILY = "1,2";
			};
			name = Debug;
		};
		FBC7CAB62B76E05F0028CA8B /* Release */ = {
			isa = XCBuildConfiguration;
			buildSettings = {
				ASSETCATALOG_COMPILER_APPICON_NAME = AppIcon;
				ASSETCATALOG_COMPILER_GLOBAL_ACCENT_COLOR_NAME = AccentColor;
				CODE_SIGN_STYLE = Automatic;
				CURRENT_PROJECT_VERSION = 1;
				GENERATE_INFOPLIST_FILE = YES;
				INFOPLIST_FILE = "Actividad 3/Info.plist";
				INFOPLIST_KEY_UIApplicationSupportsIndirectInputEvents = YES;
				INFOPLIST_KEY_UILaunchStoryboardName = LaunchScreen;
				INFOPLIST_KEY_UIMainStoryboardFile = Main;
				INFOPLIST_KEY_UISupportedInterfaceOrientations_iPad = "UIInterfaceOrientationPortrait UIInterfaceOrientationPortraitUpsideDown UIInterfaceOrientationLandscapeLeft UIInterfaceOrientationLandscapeRight";
				INFOPLIST_KEY_UISupportedInterfaceOrientations_iPhone = "UIInterfaceOrientationPortrait UIInterfaceOrientationLandscapeLeft UIInterfaceOrientationLandscapeRight";
				LD_RUNPATH_SEARCH_PATHS = (
					"$(inherited)",
					"@executable_path/Frameworks",
				);
				MARKETING_VERSION = 1.0;
				PRODUCT_BUNDLE_IDENTIFIER = "Tecmilenio.Actividad-3";
				PRODUCT_NAME = "$(TARGET_NAME)";
				SWIFT_EMIT_LOC_STRINGS = YES;
				SWIFT_VERSION = 5.0;
				TARGETED_DEVICE_FAMILY = "1,2";
			};
			name = Release;
		};
/* End XCBuildConfiguration section */

/* Begin XCConfigurationList section */
		FBC7CA982B76E05D0028CA8B /* Build configuration list for PBXProject "Actividad 3" */ = {
			isa = XCConfigurationList;
			buildConfigurations = (
				FBC7CAB22B76E05F0028CA8B /* Debug */,
				FBC7CAB32B76E05F0028CA8B /* Release */,
			);
			defaultConfigurationIsVisible = 0;
			defaultConfigurationName = Release;
		};
		FBC7CAB42B76E05F0028CA8B /* Build configuration list for PBXNativeTarget "Actividad 3" */ = {
			isa = XCConfigurationList;
			buildConfigurations = (
				FBC7CAB52B76E05F0028CA8B /* Debug */,
				FBC7CAB62B76E05F0028CA8B /* Release */,
			);
			defaultConfigurationIsVisible = 0;
			defaultConfigurationName = Release;
		};
/* End XCConfigurationList section */

/* Begin XCVersionGroup section */
		FBC7CAA92B76E05D0028CA8B /* Actividad_3.xcdatamodeld */ = {
			isa = XCVersionGroup;
			children = (
				FBC7CAAA2B76E05D0028CA8B /* Actividad_3.xcdatamodel */,
			);
			currentVersion = FBC7CAAA2B76E05D0028CA8B /* Actividad_3.xcdatamodel */;
			path = Actividad_3.xcdatamodeld;
			sourceTree = "<group>";
			versionGroupType = wrapper.xcdatamodel;
		};
/* End XCVersionGroup section */
	};
	rootObject = FBC7CA952B76E05D0028CA8B /* Project object */;
}
